{
  "name": "qulity",
  "version": "2.1.0",
  "lockfileVersion": 2,
  "requires": true,
  "packages": {
    "": {
      "name": "qulity",
      "version": "2.1.0",
      "license": "Apache-2.0",
      "devDependencies": {
        "docgen": "github:QSmally/Docgen"
      }
    },
    "node_modules/docgen": {
      "resolved": "git+ssh://git@github.com/QSmally/Docgen.git#72416f104984fe59f111c982b6601cef73e79823",
      "dev": true,
      "bin": {
        "gendocs": "lib/Main.js"
      }
    }
  },
  "dependencies": {
    "docgen": {
      "version": "git+ssh://git@github.com/QSmally/Docgen.git#72416f104984fe59f111c982b6601cef73e79823",
      "dev": true,
      "from": "docgen@github:QSmally/Docgen"
    }
  }
}
